
Microsoft Visual Studio Solution File, Format Version 12.00
# Visual Studio 15
VisualStudioVersion = 15.0.28306.52
MinimumVisualStudioVersion = 10.0.40219.1
Project("{FAE04EC0-301F-11D3-BF4B-00C04F79EFBC}") = "WpfApp30", "WpfApp30\WpfApp30.csproj", "{2BECF27A-EF54-4AA2-B010-AAF3087F4318}"
EndProject
Global
	GlobalSection(SolutionConfigurationPlatforms) = preSolution
		Debug|Any CPU = Debug|Any CPU
		Release|Any CPU = Release|Any CPU
	EndGlobalSection
	GlobalSection(ProjectConfigurationPlatforms) = postSolution
		{2BECF27A-EF54-4AA2-B010-AAF3087F4318}.Debug|Any CPU.ActiveCfg = Debug|Any CPU
		{2BECF27A-EF54-4AA2-B010-AAF3087F4318}.Debug|Any CPU.Build.0 = Debug|Any CPU
		{2BECF27A-EF54-4AA2-B010-AAF3087F4318}.Release|Any CPU.ActiveCfg = Release|Any CPU
		{2BECF27A-EF54-4AA2-B010-AAF3087F4318}.Release|Any CPU.Build.0 = Release|Any CPU
	EndGlobalSection
	GlobalSection(SolutionProperties) = preSolution
		HideSolutionNode = FALSE
	EndGlobalSection
	GlobalSection(ExtensibilityGlobals) = postSolution
		SolutionGuid = {C33BB07D-DFBB-490A-892D-8B53A32B1548}
	EndGlobalSection
EndGlobal
